
Microsoft Visual Studio Solution File, Format Version 12.00
# Visual Studio Version 17
VisualStudioVersion = 17.8.34330.188
MinimumVisualStudioVersion = 10.0.40219.1
Project("{FAE04EC0-301F-11D3-BF4B-00C04F79EFBC}") = "FACTURACION", "FACTURACION\FACTURACION.csproj", "{CFF7A6F7-3066-449F-A3AB-2604B3A4BC47}"
EndProject
Global
	GlobalSection(SolutionConfigurationPlatforms) = preSolution
		Debug|Any CPU = Debug|Any CPU
		Release|Any CPU = Release|Any CPU
	EndGlobalSection
	GlobalSection(ProjectConfigurationPlatforms) = postSolution
		{CFF7A6F7-3066-449F-A3AB-2604B3A4BC47}.Debug|Any CPU.ActiveCfg = Debug|Any CPU
		{CFF7A6F7-3066-449F-A3AB-2604B3A4BC47}.Debug|Any CPU.Build.0 = Debug|Any CPU
		{CFF7A6F7-3066-449F-A3AB-2604B3A4BC47}.Release|Any CPU.ActiveCfg = Release|Any CPU
		{CFF7A6F7-3066-449F-A3AB-2604B3A4BC47}.Release|Any CPU.Build.0 = Release|Any CPU
	EndGlobalSection
	GlobalSection(SolutionProperties) = preSolution
		HideSolutionNode = FALSE
	EndGlobalSection
	GlobalSection(ExtensibilityGlobals) = postSolution
		SolutionGuid = {797FB4D1-A637-4CEE-873E-5C24A364D11A}
	EndGlobalSection
EndGlobal
