
Microsoft Visual Studio Solution File, Format Version 12.00
# Visual Studio Version 17
VisualStudioVersion = 17.8.34330.188
MinimumVisualStudioVersion = 10.0.40219.1
Project("{FAE04EC0-301F-11D3-BF4B-00C04F79EFBC}") = "COMPRAS", "FACTURACION\COMPRAS.csproj", "{CFF7A6F7-3066-449F-A3AB-2604B3A4BC47}"
EndProject
Project("{FAE04EC0-301F-11D3-BF4B-00C04F79EFBC}") = "DATA", "DATA\DATA.csproj", "{758D7879-FF7A-4AED-8FC7-25ADB2A7FDA0}"
EndProject
Project("{FAE04EC0-301F-11D3-BF4B-00C04F79EFBC}") = "LOGICA", "LOGICA\LOGICA.csproj", "{93EC3803-5E93-44EB-A6AE-E810907FAA9F}"
EndProject
Project("{FAE04EC0-301F-11D3-BF4B-00C04F79EFBC}") = "ENTIDADES", "ENTIDADES\ENTIDADES.csproj", "{DC42650D-02D1-4DED-93FC-AE413FC31D0F}"
EndProject
Global
	GlobalSection(SolutionConfigurationPlatforms) = preSolution
		Debug|Any CPU = Debug|Any CPU
		Release|Any CPU = Release|Any CPU
	EndGlobalSection
	GlobalSection(ProjectConfigurationPlatforms) = postSolution
		{CFF7A6F7-3066-449F-A3AB-2604B3A4BC47}.Debug|Any CPU.ActiveCfg = Debug|Any CPU
		{CFF7A6F7-3066-449F-A3AB-2604B3A4BC47}.Debug|Any CPU.Build.0 = Debug|Any CPU
		{CFF7A6F7-3066-449F-A3AB-2604B3A4BC47}.Release|Any CPU.ActiveCfg = Release|Any CPU
		{CFF7A6F7-3066-449F-A3AB-2604B3A4BC47}.Release|Any CPU.Build.0 = Release|Any CPU
		{758D7879-FF7A-4AED-8FC7-25ADB2A7FDA0}.Debug|Any CPU.ActiveCfg = Debug|Any CPU
		{758D7879-FF7A-4AED-8FC7-25ADB2A7FDA0}.Debug|Any CPU.Build.0 = Debug|Any CPU
		{758D7879-FF7A-4AED-8FC7-25ADB2A7FDA0}.Release|Any CPU.ActiveCfg = Release|Any CPU
		{758D7879-FF7A-4AED-8FC7-25ADB2A7FDA0}.Release|Any CPU.Build.0 = Release|Any CPU
		{93EC3803-5E93-44EB-A6AE-E810907FAA9F}.Debug|Any CPU.ActiveCfg = Debug|Any CPU
		{93EC3803-5E93-44EB-A6AE-E810907FAA9F}.Debug|Any CPU.Build.0 = Debug|Any CPU
		{93EC3803-5E93-44EB-A6AE-E810907FAA9F}.Release|Any CPU.ActiveCfg = Release|Any CPU
		{93EC3803-5E93-44EB-A6AE-E810907FAA9F}.Release|Any CPU.Build.0 = Release|Any CPU
		{DC42650D-02D1-4DED-93FC-AE413FC31D0F}.Debug|Any CPU.ActiveCfg = Debug|Any CPU
		{DC42650D-02D1-4DED-93FC-AE413FC31D0F}.Debug|Any CPU.Build.0 = Debug|Any CPU
		{DC42650D-02D1-4DED-93FC-AE413FC31D0F}.Release|Any CPU.ActiveCfg = Release|Any CPU
		{DC42650D-02D1-4DED-93FC-AE413FC31D0F}.Release|Any CPU.Build.0 = Release|Any CPU
	EndGlobalSection
	GlobalSection(SolutionProperties) = preSolution
		HideSolutionNode = FALSE
	EndGlobalSection
	GlobalSection(ExtensibilityGlobals) = postSolution
		SolutionGuid = {797FB4D1-A637-4CEE-873E-5C24A364D11A}
	EndGlobalSection
EndGlobal
